
Microsoft Visual Studio Solution File, Format Version 12.00
# Visual Studio 15
VisualStudioVersion = 15.0.26430.16
MinimumVisualStudioVersion = 10.0.40219.1
Project("{FAE04EC0-301F-11D3-BF4B-00C04F79EFBC}") = "file-upload", "file-upload\file-upload.csproj", "{1BC00F29-9724-4BF0-BD13-E91491547354}"
EndProject
Global
	GlobalSection(SolutionConfigurationPlatforms) = preSolution
		Debug|Any CPU = Debug|Any CPU
		Release|Any CPU = Release|Any CPU
	EndGlobalSection
	GlobalSection(ProjectConfigurationPlatforms) = postSolution
		{1BC00F29-9724-4BF0-BD13-E91491547354}.Debug|Any CPU.ActiveCfg = Debug|Any CPU
		{1BC00F29-9724-4BF0-BD13-E91491547354}.Debug|Any CPU.Build.0 = Debug|Any CPU
		{1BC00F29-9724-4BF0-BD13-E91491547354}.Release|Any CPU.ActiveCfg = Release|Any CPU
		{1BC00F29-9724-4BF0-BD13-E91491547354}.Release|Any CPU.Build.0 = Release|Any CPU
	EndGlobalSection
	GlobalSection(SolutionProperties) = preSolution
		HideSolutionNode = FALSE
	EndGlobalSection
EndGlobal
